{
  "pins" : [
    {
      "identity" : "turducken",
      "kind" : "remoteSourceControl",
      "location" : "https://github.com/FanMaker/turducken.git",
      "state" : {
        "branch" : "main",
        "revision" : "2c0641dd988f75f99f3b77d5c3d71116eeb935f7"
      }
    }
  ],
  "version" : 2
}
