{
  "originHash" : "dd148fcdad69b8838aae2f56303bcb62244e21fb706e71a0b6132ff2bbef0756",
  "pins" : [
    {
      "identity" : "turducken",
      "kind" : "remoteSourceControl",
      "location" : "git@github.com:FanMaker/Turducken.git",
      "state" : {
        "revision" : "574fe16730019bbcc97c2c5f5ad823edc207926e",
        "version" : "2.0.0"
      }
    }
  ],
  "version" : 3
}
