// !$*UTF8*$!
{
	archiveVersion = 1;
	classes = {
	};
	objectVersion = 52;
	objects = {

/* Begin PBXBuildFile section */
		030C8CB028B52F8500D83F6E /* RegionRow.swift in Sources */ = {isa = PBXBuildFile; fileRef = 030C8CAF28B52F8500D83F6E /* RegionRow.swift */; };
		034040EC26557D4000CB1C55 /* AppDelegate.swift in Sources */ = {isa = PBXBuildFile; fileRef = 034040EB26557D4000CB1C55 /* AppDelegate.swift */; };
		039D122728610FAF0080B2DC /* RegionList.swift in Sources */ = {isa = PBXBuildFile; fileRef = 039D122628610FAF0080B2DC /* RegionList.swift */; };
		039D1229286114A80080B2DC /* BeaconRow.swift in Sources */ = {isa = PBXBuildFile; fileRef = 039D1228286114A80080B2DC /* BeaconRow.swift */; };
		039D122B286117BC0080B2DC /* BeaconList.swift in Sources */ = {isa = PBXBuildFile; fileRef = 039D122A286117BC0080B2DC /* BeaconList.swift */; };
		039D122D286119DC0080B2DC /* BeaconActions.swift in Sources */ = {isa = PBXBuildFile; fileRef = 039D122C286119DC0080B2DC /* BeaconActions.swift */; };
		039D122F286121EC0080B2DC /* FanMakerViewModel.swift in Sources */ = {isa = PBXBuildFile; fileRef = 039D122E286121EC0080B2DC /* FanMakerViewModel.swift */; };
		03C6E316265423C100040097 /* web.html in Resources */ = {isa = PBXBuildFile; fileRef = 03C6E315265423C100040097 /* web.html */; };
		03D08B3A264EF13C0002CE16 /* TurduckenApp.swift in Sources */ = {isa = PBXBuildFile; fileRef = 03D08B39264EF13C0002CE16 /* TurduckenApp.swift */; };
		03D08B3E264EF13D0002CE16 /* Assets.xcassets in Resources */ = {isa = PBXBuildFile; fileRef = 03D08B3D264EF13D0002CE16 /* Assets.xcassets */; };
		03D08B41264EF13D0002CE16 /* Preview Assets.xcassets in Resources */ = {isa = PBXBuildFile; fileRef = 03D08B40264EF13D0002CE16 /* Preview Assets.xcassets */; };
		03D08B4C264EF1FF0002CE16 /* FanMaker in Frameworks */ = {isa = PBXBuildFile; productRef = 03D08B4B264EF1FF0002CE16 /* FanMaker */; };
/* End PBXBuildFile section */

/* Begin PBXFileReference section */
		030C8CAF28B52F8500D83F6E /* RegionRow.swift */ = {isa = PBXFileReference; lastKnownFileType = sourcecode.swift; path = RegionRow.swift; sourceTree = "<group>"; };
		034040EB26557D4000CB1C55 /* AppDelegate.swift */ = {isa = PBXFileReference; lastKnownFileType = sourcecode.swift; path = AppDelegate.swift; sourceTree = "<group>"; };
		039D122628610FAF0080B2DC /* RegionList.swift */ = {isa = PBXFileReference; lastKnownFileType = sourcecode.swift; path = RegionList.swift; sourceTree = "<group>"; };
		039D1228286114A80080B2DC /* BeaconRow.swift */ = {isa = PBXFileReference; lastKnownFileType = sourcecode.swift; path = BeaconRow.swift; sourceTree = "<group>"; };
		039D122A286117BC0080B2DC /* BeaconList.swift */ = {isa = PBXFileReference; lastKnownFileType = sourcecode.swift; path = BeaconList.swift; sourceTree = "<group>"; };
		039D122C286119DC0080B2DC /* BeaconActions.swift */ = {isa = PBXFileReference; lastKnownFileType = sourcecode.swift; path = BeaconActions.swift; sourceTree = "<group>"; };
		039D122E286121EC0080B2DC /* FanMakerViewModel.swift */ = {isa = PBXFileReference; lastKnownFileType = sourcecode.swift; path = FanMakerViewModel.swift; sourceTree = "<group>"; };
		03C6E315265423C100040097 /* web.html */ = {isa = PBXFileReference; lastKnownFileType = text.html; path = web.html; sourceTree = "<group>"; };
		03D08B36264EF13C0002CE16 /* Turducken.app */ = {isa = PBXFileReference; explicitFileType = wrapper.application; includeInIndex = 0; path = Turducken.app; sourceTree = BUILT_PRODUCTS_DIR; };
		03D08B39264EF13C0002CE16 /* TurduckenApp.swift */ = {isa = PBXFileReference; lastKnownFileType = sourcecode.swift; path = TurduckenApp.swift; sourceTree = "<group>"; };
		03D08B3D264EF13D0002CE16 /* Assets.xcassets */ = {isa = PBXFileReference; lastKnownFileType = folder.assetcatalog; path = Assets.xcassets; sourceTree = "<group>"; };
		03D08B40264EF13D0002CE16 /* Preview Assets.xcassets */ = {isa = PBXFileReference; lastKnownFileType = folder.assetcatalog; path = "Preview Assets.xcassets"; sourceTree = "<group>"; };
		03D08B42264EF13D0002CE16 /* Info.plist */ = {isa = PBXFileReference; lastKnownFileType = text.plist.xml; path = Info.plist; sourceTree = "<group>"; };
/* End PBXFileReference section */

/* Begin PBXFrameworksBuildPhase section */
		03D08B33264EF13C0002CE16 /* Frameworks */ = {
			isa = PBXFrameworksBuildPhase;
			buildActionMask = 2147483647;
			files = (
				03D08B4C264EF1FF0002CE16 /* FanMaker in Frameworks */,
			);
			runOnlyForDeploymentPostprocessing = 0;
		};
/* End PBXFrameworksBuildPhase section */

/* Begin PBXGroup section */
		03D08B2D264EF13C0002CE16 = {
			isa = PBXGroup;
			children = (
				03D08B38264EF13C0002CE16 /* Turducken */,
				03D08B37264EF13C0002CE16 /* Products */,
			);
			sourceTree = "<group>";
		};
		03D08B37264EF13C0002CE16 /* Products */ = {
			isa = PBXGroup;
			children = (
				03D08B36264EF13C0002CE16 /* Turducken.app */,
			);
			name = Products;
			sourceTree = "<group>";
		};
		03D08B38264EF13C0002CE16 /* Turducken */ = {
			isa = PBXGroup;
			children = (
				034040EB26557D4000CB1C55 /* AppDelegate.swift */,
				03D08B39264EF13C0002CE16 /* TurduckenApp.swift */,
				03D08B3D264EF13D0002CE16 /* Assets.xcassets */,
				03D08B42264EF13D0002CE16 /* Info.plist */,
				03D08B3F264EF13D0002CE16 /* Preview Content */,
				03C6E315265423C100040097 /* web.html */,
				030C8CAF28B52F8500D83F6E /* RegionRow.swift */,
				039D122628610FAF0080B2DC /* RegionList.swift */,
				039D1228286114A80080B2DC /* BeaconRow.swift */,
				039D122A286117BC0080B2DC /* BeaconList.swift */,
				039D122C286119DC0080B2DC /* BeaconActions.swift */,
				039D122E286121EC0080B2DC /* FanMakerViewModel.swift */,
			);
			path = Turducken;
			sourceTree = "<group>";
		};
		03D08B3F264EF13D0002CE16 /* Preview Content */ = {
			isa = PBXGroup;
			children = (
				03D08B40264EF13D0002CE16 /* Preview Assets.xcassets */,
			);
			path = "Preview Content";
			sourceTree = "<group>";
		};
/* End PBXGroup section */

/* Begin PBXNativeTarget section */
		03D08B35264EF13C0002CE16 /* Turducken */ = {
			isa = PBXNativeTarget;
			buildConfigurationList = 03D08B45264EF13D0002CE16 /* Build configuration list for PBXNativeTarget "Turducken" */;
			buildPhases = (
				03D08B32264EF13C0002CE16 /* Sources */,
				03D08B33264EF13C0002CE16 /* Frameworks */,
				03D08B34264EF13C0002CE16 /* Resources */,
			);
			buildRules = (
			);
			dependencies = (
			);
			name = Turducken;
			packageProductDependencies = (
				03D08B4B264EF1FF0002CE16 /* FanMaker */,
			);
			productName = Turducken;
			productReference = 03D08B36264EF13C0002CE16 /* Turducken.app */;
			productType = "com.apple.product-type.application";
		};
/* End PBXNativeTarget section */

/* Begin PBXProject section */
		03D08B2E264EF13C0002CE16 /* Project object */ = {
			isa = PBXProject;
			attributes = {
				LastSwiftUpdateCheck = 1250;
				LastUpgradeCheck = 1250;
				TargetAttributes = {
					03D08B35264EF13C0002CE16 = {
						CreatedOnToolsVersion = 12.5;
					};
				};
			};
			buildConfigurationList = 03D08B31264EF13C0002CE16 /* Build configuration list for PBXProject "Turducken" */;
			compatibilityVersion = "Xcode 9.3";
			developmentRegion = en;
			hasScannedForEncodings = 0;
			knownRegions = (
				en,
				Base,
			);
			mainGroup = 03D08B2D264EF13C0002CE16;
			packageReferences = (
				03D08B4A264EF1FF0002CE16 /* XCRemoteSwiftPackageReference "FanMaker" */,
			);
			productRefGroup = 03D08B37264EF13C0002CE16 /* Products */;
			projectDirPath = "";
			projectRoot = "";
			targets = (
				03D08B35264EF13C0002CE16 /* Turducken */,
			);
		};
/* End PBXProject section */

/* Begin PBXResourcesBuildPhase section */
		03D08B34264EF13C0002CE16 /* Resources */ = {
			isa = PBXResourcesBuildPhase;
			buildActionMask = 2147483647;
			files = (
				03D08B41264EF13D0002CE16 /* Preview Assets.xcassets in Resources */,
				03D08B3E264EF13D0002CE16 /* Assets.xcassets in Resources */,
				03C6E316265423C100040097 /* web.html in Resources */,
			);
			runOnlyForDeploymentPostprocessing = 0;
		};
/* End PBXResourcesBuildPhase section */

/* Begin PBXSourcesBuildPhase section */
		03D08B32264EF13C0002CE16 /* Sources */ = {
			isa = PBXSourcesBuildPhase;
			buildActionMask = 2147483647;
			files = (
				039D122B286117BC0080B2DC /* BeaconList.swift in Sources */,
				034040EC26557D4000CB1C55 /* AppDelegate.swift in Sources */,
				039D1229286114A80080B2DC /* BeaconRow.swift in Sources */,
				03D08B3A264EF13C0002CE16 /* TurduckenApp.swift in Sources */,
				039D122F286121EC0080B2DC /* FanMakerViewModel.swift in Sources */,
				039D122728610FAF0080B2DC /* RegionList.swift in Sources */,
				030C8CB028B52F8500D83F6E /* RegionRow.swift in Sources */,
				039D122D286119DC0080B2DC /* BeaconActions.swift in Sources */,
			);
			runOnlyForDeploymentPostprocessing = 0;
		};
/* End PBXSourcesBuildPhase section */

/* Begin XCBuildConfiguration section */
		03D08B43264EF13D0002CE16 /* Debug */ = {
			isa = XCBuildConfiguration;
			buildSettings = {
				ALWAYS_SEARCH_USER_PATHS = NO;
				CLANG_ANALYZER_NONNULL = YES;
				CLANG_ANALYZER_NUMBER_OBJECT_CONVERSION = YES_AGGRESSIVE;
				CLANG_CXX_LANGUAGE_STANDARD = "gnu++14";
				CLANG_CXX_LIBRARY = "libc++";
				CLANG_ENABLE_MODULES = YES;
				CLANG_ENABLE_OBJC_ARC = YES;
				CLANG_ENABLE_OBJC_WEAK = YES;
				CLANG_WARN_BLOCK_CAPTURE_AUTORELEASING = YES;
				CLANG_WARN_BOOL_CONVERSION = YES;
				CLANG_WARN_COMMA = YES;
				CLANG_WARN_CONSTANT_CONVERSION = YES;
				CLANG_WARN_DEPRECATED_OBJC_IMPLEMENTATIONS = YES;
				CLANG_WARN_DIRECT_OBJC_ISA_USAGE = YES_ERROR;
				CLANG_WARN_DOCUMENTATION_COMMENTS = YES;
				CLANG_WARN_EMPTY_BODY = YES;
				CLANG_WARN_ENUM_CONVERSION = YES;
				CLANG_WARN_INFINITE_RECURSION = YES;
				CLANG_WARN_INT_CONVERSION = YES;
				CLANG_WARN_NON_LITERAL_NULL_CONVERSION = YES;
				CLANG_WARN_OBJC_IMPLICIT_RETAIN_SELF = YES;
				CLANG_WARN_OBJC_LITERAL_CONVERSION = YES;
				CLANG_WARN_OBJC_ROOT_CLASS = YES_ERROR;
				CLANG_WARN_QUOTED_INCLUDE_IN_FRAMEWORK_HEADER = YES;
				CLANG_WARN_RANGE_LOOP_ANALYSIS = YES;
				CLANG_WARN_STRICT_PROTOTYPES = YES;
				CLANG_WARN_SUSPICIOUS_MOVE = YES;
				CLANG_WARN_UNGUARDED_AVAILABILITY = YES_AGGRESSIVE;
				CLANG_WARN_UNREACHABLE_CODE = YES;
				CLANG_WARN__DUPLICATE_METHOD_MATCH = YES;
				COPY_PHASE_STRIP = NO;
				DEBUG_INFORMATION_FORMAT = dwarf;
				ENABLE_STRICT_OBJC_MSGSEND = YES;
				ENABLE_TESTABILITY = YES;
				GCC_C_LANGUAGE_STANDARD = gnu11;
				GCC_DYNAMIC_NO_PIC = NO;
				GCC_NO_COMMON_BLOCKS = YES;
				GCC_OPTIMIZATION_LEVEL = 0;
				GCC_PREPROCESSOR_DEFINITIONS = (
					"DEBUG=1",
					"$(inherited)",
				);
				GCC_WARN_64_TO_32_BIT_CONVERSION = YES;
				GCC_WARN_ABOUT_RETURN_TYPE = YES_ERROR;
				GCC_WARN_UNDECLARED_SELECTOR = YES;
				GCC_WARN_UNINITIALIZED_AUTOS = YES_AGGRESSIVE;
				GCC_WARN_UNUSED_FUNCTION = YES;
				GCC_WARN_UNUSED_VARIABLE = YES;
				IPHONEOS_DEPLOYMENT_TARGET = 14.5;
				MTL_ENABLE_DEBUG_INFO = INCLUDE_SOURCE;
				MTL_FAST_MATH = YES;
				ONLY_ACTIVE_ARCH = YES;
				SDKROOT = iphoneos;
				SWIFT_ACTIVE_COMPILATION_CONDITIONS = DEBUG;
				SWIFT_OPTIMIZATION_LEVEL = "-Onone";
			};
			name = Debug;
		};
		03D08B44264EF13D0002CE16 /* Release */ = {
			isa = XCBuildConfiguration;
			buildSettings = {
				ALWAYS_SEARCH_USER_PATHS = NO;
				CLANG_ANALYZER_NONNULL = YES;
				CLANG_ANALYZER_NUMBER_OBJECT_CONVERSION = YES_AGGRESSIVE;
				CLANG_CXX_LANGUAGE_STANDARD = "gnu++14";
				CLANG_CXX_LIBRARY = "libc++";
				CLANG_ENABLE_MODULES = YES;
				CLANG_ENABLE_OBJC_ARC = YES;
				CLANG_ENABLE_OBJC_WEAK = YES;
				CLANG_WARN_BLOCK_CAPTURE_AUTORELEASING = YES;
				CLANG_WARN_BOOL_CONVERSION = YES;
				CLANG_WARN_COMMA = YES;
				CLANG_WARN_CONSTANT_CONVERSION = YES;
				CLANG_WARN_DEPRECATED_OBJC_IMPLEMENTATIONS = YES;
				CLANG_WARN_DIRECT_OBJC_ISA_USAGE = YES_ERROR;
				CLANG_WARN_DOCUMENTATION_COMMENTS = YES;
				CLANG_WARN_EMPTY_BODY = YES;
				CLANG_WARN_ENUM_CONVERSION = YES;
				CLANG_WARN_INFINITE_RECURSION = YES;
				CLANG_WARN_INT_CONVERSION = YES;
				CLANG_WARN_NON_LITERAL_NULL_CONVERSION = YES;
				CLANG_WARN_OBJC_IMPLICIT_RETAIN_SELF = YES;
				CLANG_WARN_OBJC_LITERAL_CONVERSION = YES;
				CLANG_WARN_OBJC_ROOT_CLASS = YES_ERROR;
				CLANG_WARN_QUOTED_INCLUDE_IN_FRAMEWORK_HEADER = YES;
				CLANG_WARN_RANGE_LOOP_ANALYSIS = YES;
				CLANG_WARN_STRICT_PROTOTYPES = YES;
				CLANG_WARN_SUSPICIOUS_MOVE = YES;
				CLANG_WARN_UNGUARDED_AVAILABILITY = YES_AGGRESSIVE;
				CLANG_WARN_UNREACHABLE_CODE = YES;
				CLANG_WARN__DUPLICATE_METHOD_MATCH = YES;
				COPY_PHASE_STRIP = NO;
				DEBUG_INFORMATION_FORMAT = "dwarf-with-dsym";
				ENABLE_NS_ASSERTIONS = NO;
				ENABLE_STRICT_OBJC_MSGSEND = YES;
				GCC_C_LANGUAGE_STANDARD = gnu11;
				GCC_NO_COMMON_BLOCKS = YES;
				GCC_WARN_64_TO_32_BIT_CONVERSION = YES;
				GCC_WARN_ABOUT_RETURN_TYPE = YES_ERROR;
				GCC_WARN_UNDECLARED_SELECTOR = YES;
				GCC_WARN_UNINITIALIZED_AUTOS = YES_AGGRESSIVE;
				GCC_WARN_UNUSED_FUNCTION = YES;
				GCC_WARN_UNUSED_VARIABLE = YES;
				IPHONEOS_DEPLOYMENT_TARGET = 14.5;
				MTL_ENABLE_DEBUG_INFO = NO;
				MTL_FAST_MATH = YES;
				SDKROOT = iphoneos;
				SWIFT_COMPILATION_MODE = wholemodule;
				SWIFT_OPTIMIZATION_LEVEL = "-O";
				VALIDATE_PRODUCT = YES;
			};
			name = Release;
		};
		03D08B46264EF13D0002CE16 /* Debug */ = {
			isa = XCBuildConfiguration;
			buildSettings = {
				ASSETCATALOG_COMPILER_APPICON_NAME = AppIcon;
				ASSETCATALOG_COMPILER_GLOBAL_ACCENT_COLOR_NAME = AccentColor;
				CODE_SIGN_STYLE = Automatic;
				DEVELOPMENT_ASSET_PATHS = "\"Turducken/Preview Content\"";
				DEVELOPMENT_TEAM = QU5G2LXECR;
				ENABLE_PREVIEWS = YES;
				INFOPLIST_FILE = Turducken/Info.plist;
				IPHONEOS_DEPLOYMENT_TARGET = 14.0;
				LD_RUNPATH_SEARCH_PATHS = (
					"$(inherited)",
					"@executable_path/Frameworks",
				);
				PRODUCT_BUNDLE_IDENTIFIER = fanmaker.Turducken;
				PRODUCT_NAME = "$(TARGET_NAME)";
				SWIFT_VERSION = 5.0;
				TARGETED_DEVICE_FAMILY = "1,2";
			};
			name = Debug;
		};
		03D08B47264EF13D0002CE16 /* Release */ = {
			isa = XCBuildConfiguration;
			buildSettings = {
				ASSETCATALOG_COMPILER_APPICON_NAME = AppIcon;
				ASSETCATALOG_COMPILER_GLOBAL_ACCENT_COLOR_NAME = AccentColor;
				CODE_SIGN_STYLE = Automatic;
				DEVELOPMENT_ASSET_PATHS = "\"Turducken/Preview Content\"";
				DEVELOPMENT_TEAM = QU5G2LXECR;
				ENABLE_PREVIEWS = YES;
				INFOPLIST_FILE = Turducken/Info.plist;
				IPHONEOS_DEPLOYMENT_TARGET = 14.0;
				LD_RUNPATH_SEARCH_PATHS = (
					"$(inherited)",
					"@executable_path/Frameworks",
				);
				PRODUCT_BUNDLE_IDENTIFIER = fanmaker.Turducken;
				PRODUCT_NAME = "$(TARGET_NAME)";
				SWIFT_VERSION = 5.0;
				TARGETED_DEVICE_FAMILY = "1,2";
			};
			name = Release;
		};
/* End XCBuildConfiguration section */

/* Begin XCConfigurationList section */
		03D08B31264EF13C0002CE16 /* Build configuration list for PBXProject "Turducken" */ = {
			isa = XCConfigurationList;
			buildConfigurations = (
				03D08B43264EF13D0002CE16 /* Debug */,
				03D08B44264EF13D0002CE16 /* Release */,
			);
			defaultConfigurationIsVisible = 0;
			defaultConfigurationName = Release;
		};
		03D08B45264EF13D0002CE16 /* Build configuration list for PBXNativeTarget "Turducken" */ = {
			isa = XCConfigurationList;
			buildConfigurations = (
				03D08B46264EF13D0002CE16 /* Debug */,
				03D08B47264EF13D0002CE16 /* Release */,
			);
			defaultConfigurationIsVisible = 0;
			defaultConfigurationName = Release;
		};
/* End XCConfigurationList section */

/* Begin XCRemoteSwiftPackageReference section */
		03D08B4A264EF1FF0002CE16 /* XCRemoteSwiftPackageReference "FanMaker" */ = {
			isa = XCRemoteSwiftPackageReference;
			repositoryURL = "file:///Users/erik/Work/fanmaker/FanMaker";
			requirement = {
				branch = main;
				kind = branch;
			};
		};
/* End XCRemoteSwiftPackageReference section */

/* Begin XCSwiftPackageProductDependency section */
		03D08B4B264EF1FF0002CE16 /* FanMaker */ = {
			isa = XCSwiftPackageProductDependency;
			package = 03D08B4A264EF1FF0002CE16 /* XCRemoteSwiftPackageReference "FanMaker" */;
			productName = FanMaker;
		};
/* End XCSwiftPackageProductDependency section */
	};
	rootObject = 03D08B2E264EF13C0002CE16 /* Project object */;
}
